
Microsoft Visual Studio Solution File, Format Version 12.00
# Visual Studio 14
VisualStudioVersion = 14.0.23107.0
MinimumVisualStudioVersion = 10.0.40219.1
Project("{FAE04EC0-301F-11D3-BF4B-00C04F79EFBC}") = "Hdc100x.Azure.EventHub", "Hdc100x.Azure.EventHub.csproj", "{A024B094-C501-49FD-9B4B-3DE5DB4EAAFF}"
EndProject
Global
	GlobalSection(SolutionConfigurationPlatforms) = preSolution
		Debug|ARM = Debug|ARM
		Debug|x64 = Debug|x64
		Debug|x86 = Debug|x86
		Release|ARM = Release|ARM
		Release|x64 = Release|x64
		Release|x86 = Release|x86
	EndGlobalSection
	GlobalSection(ProjectConfigurationPlatforms) = postSolution
		{A024B094-C501-49FD-9B4B-3DE5DB4EAAFF}.Debug|ARM.ActiveCfg = Debug|ARM
		{A024B094-C501-49FD-9B4B-3DE5DB4EAAFF}.Debug|ARM.Build.0 = Debug|ARM
		{A024B094-C501-49FD-9B4B-3DE5DB4EAAFF}.Debug|ARM.Deploy.0 = Debug|ARM
		{A024B094-C501-49FD-9B4B-3DE5DB4EAAFF}.Debug|x64.ActiveCfg = Debug|x64
		{A024B094-C501-49FD-9B4B-3DE5DB4EAAFF}.Debug|x64.Build.0 = Debug|x64
		{A024B094-C501-49FD-9B4B-3DE5DB4EAAFF}.Debug|x64.Deploy.0 = Debug|x64
		{A024B094-C501-49FD-9B4B-3DE5DB4EAAFF}.Debug|x86.ActiveCfg = Debug|x86
		{A024B094-C501-49FD-9B4B-3DE5DB4EAAFF}.Debug|x86.Build.0 = Debug|x86
		{A024B094-C501-49FD-9B4B-3DE5DB4EAAFF}.Debug|x86.Deploy.0 = Debug|x86
		{A024B094-C501-49FD-9B4B-3DE5DB4EAAFF}.Release|ARM.ActiveCfg = Release|ARM
		{A024B094-C501-49FD-9B4B-3DE5DB4EAAFF}.Release|ARM.Build.0 = Release|ARM
		{A024B094-C501-49FD-9B4B-3DE5DB4EAAFF}.Release|ARM.Deploy.0 = Release|ARM
		{A024B094-C501-49FD-9B4B-3DE5DB4EAAFF}.Release|x64.ActiveCfg = Release|x64
		{A024B094-C501-49FD-9B4B-3DE5DB4EAAFF}.Release|x64.Build.0 = Release|x64
		{A024B094-C501-49FD-9B4B-3DE5DB4EAAFF}.Release|x64.Deploy.0 = Release|x64
		{A024B094-C501-49FD-9B4B-3DE5DB4EAAFF}.Release|x86.ActiveCfg = Release|x86
		{A024B094-C501-49FD-9B4B-3DE5DB4EAAFF}.Release|x86.Build.0 = Release|x86
		{A024B094-C501-49FD-9B4B-3DE5DB4EAAFF}.Release|x86.Deploy.0 = Release|x86
	EndGlobalSection
	GlobalSection(SolutionProperties) = preSolution
		HideSolutionNode = FALSE
	EndGlobalSection
EndGlobal
